// !$*UTF8*$!
{
	archiveVersion = 1;
	classes = {
	};
	objectVersion = 55;
	objects = {

/* Begin PBXBuildFile section */
		0DC2557DE18348DBEFFA1951 /* Pods_PrototypeVK.framework in Frameworks */ = {isa = PBXBuildFile; fileRef = 02F48D1F7CDC92ECD5EA7A2E /* Pods_PrototypeVK.framework */; };
		B437D3F7285616770079C09A /* TypeAuthorization.swift in Sources */ = {isa = PBXBuildFile; fileRef = B437D3F6285616770079C09A /* TypeAuthorization.swift */; };
		B437D3F92857A2BD0079C09A /* OffsetTextField.swift in Sources */ = {isa = PBXBuildFile; fileRef = B437D3F82857A2BD0079C09A /* OffsetTextField.swift */; };
		B437D3FC2857A7B20079C09A /* PresenterSignIn.swift in Sources */ = {isa = PBXBuildFile; fileRef = B437D3FB2857A7B20079C09A /* PresenterSignIn.swift */; };
		B437D3FE2857A7D00079C09A /* RouterSignIn.swift in Sources */ = {isa = PBXBuildFile; fileRef = B437D3FD2857A7D00079C09A /* RouterSignIn.swift */; };
		B437D4002857A7E50079C09A /* InteractorSignIn.swift in Sources */ = {isa = PBXBuildFile; fileRef = B437D3FF2857A7E50079C09A /* InteractorSignIn.swift */; };
		B437D4022857A8BF0079C09A /* ConfiguratorSignIn.swift in Sources */ = {isa = PBXBuildFile; fileRef = B437D4012857A8BF0079C09A /* ConfiguratorSignIn.swift */; };
		B437D40D2857BCE70079C09A /* SignInRouterProtocol.swift in Sources */ = {isa = PBXBuildFile; fileRef = B437D40C2857BCE70079C09A /* SignInRouterProtocol.swift */; };
		B437D40F2858FAF70079C09A /* FPNService.swift in Sources */ = {isa = PBXBuildFile; fileRef = B437D40E2858FAF60079C09A /* FPNService.swift */; };
		B437D413285A74EB0079C09A /* SignInInteractorOutput.swift in Sources */ = {isa = PBXBuildFile; fileRef = B437D412285A74EB0079C09A /* SignInInteractorOutput.swift */; };
		B437D415285A75090079C09A /* SignInteractorInput.swift in Sources */ = {isa = PBXBuildFile; fileRef = B437D414285A75090079C09A /* SignInteractorInput.swift */; };
		B437D417285A75AC0079C09A /* SignInPresenterProtocol.swift in Sources */ = {isa = PBXBuildFile; fileRef = B437D416285A75AC0079C09A /* SignInPresenterProtocol.swift */; };
		B437D419285F9F390079C09A /* SignInViewProtocol.swift in Sources */ = {isa = PBXBuildFile; fileRef = B437D418285F9F380079C09A /* SignInViewProtocol.swift */; };
		B437D425285FB3AD0079C09A /* PresenterLogIn.swift in Sources */ = {isa = PBXBuildFile; fileRef = B437D424285FB3AD0079C09A /* PresenterLogIn.swift */; };
		B437D427285FB3C10079C09A /* InteractorLogIn.swift in Sources */ = {isa = PBXBuildFile; fileRef = B437D426285FB3C10079C09A /* InteractorLogIn.swift */; };
		B437D429285FB3CF0079C09A /* ConfiguratorLogIn.swift in Sources */ = {isa = PBXBuildFile; fileRef = B437D428285FB3CF0079C09A /* ConfiguratorLogIn.swift */; };
		B437D42B285FB3DA0079C09A /* RouterLogIn.swift in Sources */ = {isa = PBXBuildFile; fileRef = B437D42A285FB3DA0079C09A /* RouterLogIn.swift */; };
		B437D42D285FB49B0079C09A /* LogInViewProtocol.swift in Sources */ = {isa = PBXBuildFile; fileRef = B437D42C285FB49B0079C09A /* LogInViewProtocol.swift */; };
		B437D42F285FB4DF0079C09A /* LogInPresenterProtocol .swift in Sources */ = {isa = PBXBuildFile; fileRef = B437D42E285FB4DF0079C09A /* LogInPresenterProtocol .swift */; };
		B437D431285FB5120079C09A /* LogInInteractorInput.swift in Sources */ = {isa = PBXBuildFile; fileRef = B437D430285FB5120079C09A /* LogInInteractorInput.swift */; };
		B437D433285FB55C0079C09A /* LogInInteractorOutput.swift in Sources */ = {isa = PBXBuildFile; fileRef = B437D432285FB55C0079C09A /* LogInInteractorOutput.swift */; };
		B437D435285FB5D30079C09A /* LogInRouterProtocol.swift in Sources */ = {isa = PBXBuildFile; fileRef = B437D434285FB5D30079C09A /* LogInRouterProtocol.swift */; };
		B437D4402860DB550079C09A /* PresenterCheckCode.swift in Sources */ = {isa = PBXBuildFile; fileRef = B437D43F2860DB550079C09A /* PresenterCheckCode.swift */; };
		B437D4422860DB640079C09A /* InteractorCheckCode.swift in Sources */ = {isa = PBXBuildFile; fileRef = B437D4412860DB640079C09A /* InteractorCheckCode.swift */; };
		B437D4442860DB750079C09A /* ConfiguratorCheckCode.swift in Sources */ = {isa = PBXBuildFile; fileRef = B437D4432860DB750079C09A /* ConfiguratorCheckCode.swift */; };
		B437D4462860DB810079C09A /* RouterCheckCode.swift in Sources */ = {isa = PBXBuildFile; fileRef = B437D4452860DB810079C09A /* RouterCheckCode.swift */; };
		B4478D4C283A6A4100A4CDFB /* AuthViewController.swift in Sources */ = {isa = PBXBuildFile; fileRef = B4478D4B283A6A4100A4CDFB /* AuthViewController.swift */; };
		B4478D4E283A6E5500A4CDFB /* Images.swift in Sources */ = {isa = PBXBuildFile; fileRef = B4478D4D283A6E5500A4CDFB /* Images.swift */; };
		B4478D51283A92B500A4CDFB /* iOSIntPackage in Frameworks */ = {isa = PBXBuildFile; productRef = B4478D50283A92B500A4CDFB /* iOSIntPackage */; };
		B456896928311CB1007FA9F5 /* AppDelegate.swift in Sources */ = {isa = PBXBuildFile; fileRef = B456896828311CB1007FA9F5 /* AppDelegate.swift */; };
		B456896B28311CB1007FA9F5 /* SceneDelegate.swift in Sources */ = {isa = PBXBuildFile; fileRef = B456896A28311CB1007FA9F5 /* SceneDelegate.swift */; };
		B456896D28311CB1007FA9F5 /* ViewController.swift in Sources */ = {isa = PBXBuildFile; fileRef = B456896C28311CB1007FA9F5 /* ViewController.swift */; };
		B456897028311CB1007FA9F5 /* Main.storyboard in Resources */ = {isa = PBXBuildFile; fileRef = B456896E28311CB1007FA9F5 /* Main.storyboard */; };
		B456897228311CB6007FA9F5 /* Assets.xcassets in Resources */ = {isa = PBXBuildFile; fileRef = B456897128311CB6007FA9F5 /* Assets.xcassets */; };
		B456897528311CB6007FA9F5 /* LaunchScreen.storyboard in Resources */ = {isa = PBXBuildFile; fileRef = B456897328311CB6007FA9F5 /* LaunchScreen.storyboard */; };
		B456897D28312A2D007FA9F5 /* GoogleService-Info.plist in Resources */ = {isa = PBXBuildFile; fileRef = B456897C28312A2C007FA9F5 /* GoogleService-Info.plist */; };
		B492CDE3283C08E000EF2DD2 /* PhoneNumberView.swift in Sources */ = {isa = PBXBuildFile; fileRef = B492CDE2283C08E000EF2DD2 /* PhoneNumberView.swift */; };
		B49C783F2845308A00D9FFB1 /* LocalAuthorizationService.swift in Sources */ = {isa = PBXBuildFile; fileRef = B49C783E2845308A00D9FFB1 /* LocalAuthorizationService.swift */; };
		B49C784228467BE700D9FFB1 /* BlackMode.swift in Sources */ = {isa = PBXBuildFile; fileRef = B49C784128467BE700D9FFB1 /* BlackMode.swift */; };
		B49C7844284680CF00D9FFB1 /* CustomColors.swift in Sources */ = {isa = PBXBuildFile; fileRef = B49C7843284680CF00D9FFB1 /* CustomColors.swift */; };
		B49C784A2852658300D9FFB1 /* infoAuth.strings in Resources */ = {isa = PBXBuildFile; fileRef = B49C78482852658200D9FFB1 /* infoAuth.strings */; };
		B49C784D28526A2C00D9FFB1 /* Localizable.strings in Resources */ = {isa = PBXBuildFile; fileRef = B49C784B28526A2B00D9FFB1 /* Localizable.strings */; };
		B4B10C3328424A1A0027C168 /* SignInViewController.swift in Sources */ = {isa = PBXBuildFile; fileRef = B4B10C3228424A190027C168 /* SignInViewController.swift */; };
		B4B10C3528424AB70027C168 /* LogInViewController.swift in Sources */ = {isa = PBXBuildFile; fileRef = B4B10C3428424AB70027C168 /* LogInViewController.swift */; };
		B4B10C3728424DD30027C168 /* CheckCodeViewController.swift in Sources */ = {isa = PBXBuildFile; fileRef = B4B10C3628424DD30027C168 /* CheckCodeViewController.swift */; };
		B4B14F6928AAA6E800BC355F /* CountryType.swift in Sources */ = {isa = PBXBuildFile; fileRef = B4B14F6828AAA6E800BC355F /* CountryType.swift */; };
		B4B14F7028AC392C00BC355F /* PresenterAuth.swift in Sources */ = {isa = PBXBuildFile; fileRef = B4B14F6F28AC392C00BC355F /* PresenterAuth.swift */; };
		B4B14F7228AC393F00BC355F /* RouterAuth.swift in Sources */ = {isa = PBXBuildFile; fileRef = B4B14F7128AC393F00BC355F /* RouterAuth.swift */; };
		B4B14F7428AC398600BC355F /* AuthRouterProtocol.swift in Sources */ = {isa = PBXBuildFile; fileRef = B4B14F7328AC398600BC355F /* AuthRouterProtocol.swift */; };
		B4B14F7628AC3A5A00BC355F /* AuthPresenterProtocol.swift in Sources */ = {isa = PBXBuildFile; fileRef = B4B14F7528AC3A5A00BC355F /* AuthPresenterProtocol.swift */; };
		B4B14F7928AC3C7100BC355F /* ConfiguratorAuth.swift in Sources */ = {isa = PBXBuildFile; fileRef = B4B14F7828AC3C7100BC355F /* ConfiguratorAuth.swift */; };
		B4B14F7C28AD7A2800BC355F /* ApiType.swift in Sources */ = {isa = PBXBuildFile; fileRef = B4B14F7B28AD7A2800BC355F /* ApiType.swift */; };
		B4B14F7E28AD834900BC355F /* NetWorkMamager.swift in Sources */ = {isa = PBXBuildFile; fileRef = B4B14F7D28AD834800BC355F /* NetWorkMamager.swift */; };
		B4B14F8028AD84EF00BC355F /* TopicResult.swift in Sources */ = {isa = PBXBuildFile; fileRef = B4B14F7F28AD84EF00BC355F /* TopicResult.swift */; };
		B4B14F8328AE2AE600BC355F /* TopicsViewController.swift in Sources */ = {isa = PBXBuildFile; fileRef = B4B14F8228AE2AE600BC355F /* TopicsViewController.swift */; };
		B4C0503C28AE326100F4F834 /* TopicCollectionCell.swift in Sources */ = {isa = PBXBuildFile; fileRef = B4C0503B28AE326100F4F834 /* TopicCollectionCell.swift */; };
		B4C0503E28AE344500F4F834 /* TopicCollectionLayout.swift in Sources */ = {isa = PBXBuildFile; fileRef = B4C0503D28AE344500F4F834 /* TopicCollectionLayout.swift */; };
		B4C0504028AE746300F4F834 /* PhotoPopularCollectionCell.swift in Sources */ = {isa = PBXBuildFile; fileRef = B4C0503F28AE746300F4F834 /* PhotoPopularCollectionCell.swift */; };
/* End PBXBuildFile section */

/* Begin PBXFileReference section */
		02F48D1F7CDC92ECD5EA7A2E /* Pods_PrototypeVK.framework */ = {isa = PBXFileReference; explicitFileType = wrapper.framework; includeInIndex = 0; path = Pods_PrototypeVK.framework; sourceTree = BUILT_PRODUCTS_DIR; };
		3E381613403C864E5CE57F1A /* Pods-PrototypeVK.release.xcconfig */ = {isa = PBXFileReference; includeInIndex = 1; lastKnownFileType = text.xcconfig; name = "Pods-PrototypeVK.release.xcconfig"; path = "Target Support Files/Pods-PrototypeVK/Pods-PrototypeVK.release.xcconfig"; sourceTree = "<group>"; };
		B437D3F6285616770079C09A /* TypeAuthorization.swift */ = {isa = PBXFileReference; lastKnownFileType = sourcecode.swift; path = TypeAuthorization.swift; sourceTree = "<group>"; };
		B437D3F82857A2BD0079C09A /* OffsetTextField.swift */ = {isa = PBXFileReference; lastKnownFileType = sourcecode.swift; path = OffsetTextField.swift; sourceTree = "<group>"; };
		B437D3FB2857A7B20079C09A /* PresenterSignIn.swift */ = {isa = PBXFileReference; lastKnownFileType = sourcecode.swift; path = PresenterSignIn.swift; sourceTree = "<group>"; };
		B437D3FD2857A7D00079C09A /* RouterSignIn.swift */ = {isa = PBXFileReference; lastKnownFileType = sourcecode.swift; path = RouterSignIn.swift; sourceTree = "<group>"; };
		B437D3FF2857A7E50079C09A /* InteractorSignIn.swift */ = {isa = PBXFileReference; lastKnownFileType = sourcecode.swift; path = InteractorSignIn.swift; sourceTree = "<group>"; };
		B437D4012857A8BF0079C09A /* ConfiguratorSignIn.swift */ = {isa = PBXFileReference; lastKnownFileType = sourcecode.swift; path = ConfiguratorSignIn.swift; sourceTree = "<group>"; };
		B437D40C2857BCE70079C09A /* SignInRouterProtocol.swift */ = {isa = PBXFileReference; lastKnownFileType = sourcecode.swift; path = SignInRouterProtocol.swift; sourceTree = "<group>"; };
		B437D40E2858FAF60079C09A /* FPNService.swift */ = {isa = PBXFileReference; lastKnownFileType = sourcecode.swift; name = FPNService.swift; path = SignInViper/FPNService.swift; sourceTree = "<group>"; };
		B437D412285A74EB0079C09A /* SignInInteractorOutput.swift */ = {isa = PBXFileReference; lastKnownFileType = sourcecode.swift; path = SignInInteractorOutput.swift; sourceTree = "<group>"; };
		B437D414285A75090079C09A /* SignInteractorInput.swift */ = {isa = PBXFileReference; lastKnownFileType = sourcecode.swift; path = SignInteractorInput.swift; sourceTree = "<group>"; };
		B437D416285A75AC0079C09A /* SignInPresenterProtocol.swift */ = {isa = PBXFileReference; lastKnownFileType = sourcecode.swift; path = SignInPresenterProtocol.swift; sourceTree = "<group>"; };
		B437D418285F9F380079C09A /* SignInViewProtocol.swift */ = {isa = PBXFileReference; lastKnownFileType = sourcecode.swift; path = SignInViewProtocol.swift; sourceTree = "<group>"; };
		B437D424285FB3AD0079C09A /* PresenterLogIn.swift */ = {isa = PBXFileReference; lastKnownFileType = sourcecode.swift; path = PresenterLogIn.swift; sourceTree = "<group>"; };
		B437D426285FB3C10079C09A /* InteractorLogIn.swift */ = {isa = PBXFileReference; lastKnownFileType = sourcecode.swift; path = InteractorLogIn.swift; sourceTree = "<group>"; };
		B437D428285FB3CF0079C09A /* ConfiguratorLogIn.swift */ = {isa = PBXFileReference; lastKnownFileType = sourcecode.swift; path = ConfiguratorLogIn.swift; sourceTree = "<group>"; };
		B437D42A285FB3DA0079C09A /* RouterLogIn.swift */ = {isa = PBXFileReference; lastKnownFileType = sourcecode.swift; path = RouterLogIn.swift; sourceTree = "<group>"; };
		B437D42C285FB49B0079C09A /* LogInViewProtocol.swift */ = {isa = PBXFileReference; lastKnownFileType = sourcecode.swift; path = LogInViewProtocol.swift; sourceTree = "<group>"; };
		B437D42E285FB4DF0079C09A /* LogInPresenterProtocol .swift */ = {isa = PBXFileReference; lastKnownFileType = sourcecode.swift; path = "LogInPresenterProtocol .swift"; sourceTree = "<group>"; };
		B437D430285FB5120079C09A /* LogInInteractorInput.swift */ = {isa = PBXFileReference; lastKnownFileType = sourcecode.swift; path = LogInInteractorInput.swift; sourceTree = "<group>"; };
		B437D432285FB55C0079C09A /* LogInInteractorOutput.swift */ = {isa = PBXFileReference; lastKnownFileType = sourcecode.swift; path = LogInInteractorOutput.swift; sourceTree = "<group>"; };
		B437D434285FB5D30079C09A /* LogInRouterProtocol.swift */ = {isa = PBXFileReference; lastKnownFileType = sourcecode.swift; path = LogInRouterProtocol.swift; sourceTree = "<group>"; };
		B437D43F2860DB550079C09A /* PresenterCheckCode.swift */ = {isa = PBXFileReference; lastKnownFileType = sourcecode.swift; path = PresenterCheckCode.swift; sourceTree = "<group>"; };
		B437D4412860DB640079C09A /* InteractorCheckCode.swift */ = {isa = PBXFileReference; lastKnownFileType = sourcecode.swift; path = InteractorCheckCode.swift; sourceTree = "<group>"; };
		B437D4432860DB750079C09A /* ConfiguratorCheckCode.swift */ = {isa = PBXFileReference; lastKnownFileType = sourcecode.swift; path = ConfiguratorCheckCode.swift; sourceTree = "<group>"; };
		B437D4452860DB810079C09A /* RouterCheckCode.swift */ = {isa = PBXFileReference; lastKnownFileType = sourcecode.swift; path = RouterCheckCode.swift; sourceTree = "<group>"; };
		B4478D4B283A6A4100A4CDFB /* AuthViewController.swift */ = {isa = PBXFileReference; lastKnownFileType = sourcecode.swift; path = AuthViewController.swift; sourceTree = "<group>"; };
		B4478D4D283A6E5500A4CDFB /* Images.swift */ = {isa = PBXFileReference; lastKnownFileType = sourcecode.swift; path = Images.swift; sourceTree = "<group>"; };
		B456896528311CB1007FA9F5 /* PrototypeVK.app */ = {isa = PBXFileReference; explicitFileType = wrapper.application; includeInIndex = 0; path = PrototypeVK.app; sourceTree = BUILT_PRODUCTS_DIR; };
		B456896828311CB1007FA9F5 /* AppDelegate.swift */ = {isa = PBXFileReference; lastKnownFileType = sourcecode.swift; path = AppDelegate.swift; sourceTree = "<group>"; };
		B456896A28311CB1007FA9F5 /* SceneDelegate.swift */ = {isa = PBXFileReference; lastKnownFileType = sourcecode.swift; path = SceneDelegate.swift; sourceTree = "<group>"; };
		B456896C28311CB1007FA9F5 /* ViewController.swift */ = {isa = PBXFileReference; lastKnownFileType = sourcecode.swift; path = ViewController.swift; sourceTree = "<group>"; };
		B456896F28311CB1007FA9F5 /* Base */ = {isa = PBXFileReference; lastKnownFileType = file.storyboard; name = Base; path = Base.lproj/Main.storyboard; sourceTree = "<group>"; };
		B456897128311CB6007FA9F5 /* Assets.xcassets */ = {isa = PBXFileReference; lastKnownFileType = folder.assetcatalog; path = Assets.xcassets; sourceTree = "<group>"; };
		B456897428311CB6007FA9F5 /* Base */ = {isa = PBXFileReference; lastKnownFileType = file.storyboard; name = Base; path = Base.lproj/LaunchScreen.storyboard; sourceTree = "<group>"; };
		B456897628311CB6007FA9F5 /* Info.plist */ = {isa = PBXFileReference; lastKnownFileType = text.plist.xml; path = Info.plist; sourceTree = "<group>"; };
		B456897C28312A2C007FA9F5 /* GoogleService-Info.plist */ = {isa = PBXFileReference; fileEncoding = 4; lastKnownFileType = text.plist.xml; path = "GoogleService-Info.plist"; sourceTree = "<group>"; };
		B492CDE2283C08E000EF2DD2 /* PhoneNumberView.swift */ = {isa = PBXFileReference; lastKnownFileType = sourcecode.swift; path = PhoneNumberView.swift; sourceTree = "<group>"; };
		B49C783E2845308A00D9FFB1 /* LocalAuthorizationService.swift */ = {isa = PBXFileReference; lastKnownFileType = sourcecode.swift; path = LocalAuthorizationService.swift; sourceTree = "<group>"; };
		B49C784128467BE700D9FFB1 /* BlackMode.swift */ = {isa = PBXFileReference; lastKnownFileType = sourcecode.swift; path = BlackMode.swift; sourceTree = "<group>"; };
		B49C7843284680CF00D9FFB1 /* CustomColors.swift */ = {isa = PBXFileReference; lastKnownFileType = sourcecode.swift; path = CustomColors.swift; sourceTree = "<group>"; };
		B49C78492852658300D9FFB1 /* ru */ = {isa = PBXFileReference; lastKnownFileType = text.plist.strings; name = ru; path = ru.lproj/infoAuth.strings; sourceTree = "<group>"; };
		B49C784C28526A2B00D9FFB1 /* ru */ = {isa = PBXFileReference; lastKnownFileType = text.plist.strings; name = ru; path = ru.lproj/Localizable.strings; sourceTree = "<group>"; };
		B4B10C3228424A190027C168 /* SignInViewController.swift */ = {isa = PBXFileReference; lastKnownFileType = sourcecode.swift; path = SignInViewController.swift; sourceTree = "<group>"; };
		B4B10C3428424AB70027C168 /* LogInViewController.swift */ = {isa = PBXFileReference; lastKnownFileType = sourcecode.swift; path = LogInViewController.swift; sourceTree = "<group>"; };
		B4B10C3628424DD30027C168 /* CheckCodeViewController.swift */ = {isa = PBXFileReference; lastKnownFileType = sourcecode.swift; path = CheckCodeViewController.swift; sourceTree = "<group>"; };
		B4B14F6828AAA6E800BC355F /* CountryType.swift */ = {isa = PBXFileReference; lastKnownFileType = sourcecode.swift; path = CountryType.swift; sourceTree = "<group>"; };
		B4B14F6F28AC392C00BC355F /* PresenterAuth.swift */ = {isa = PBXFileReference; lastKnownFileType = sourcecode.swift; path = PresenterAuth.swift; sourceTree = "<group>"; };
		B4B14F7128AC393F00BC355F /* RouterAuth.swift */ = {isa = PBXFileReference; lastKnownFileType = sourcecode.swift; path = RouterAuth.swift; sourceTree = "<group>"; };
		B4B14F7328AC398600BC355F /* AuthRouterProtocol.swift */ = {isa = PBXFileReference; lastKnownFileType = sourcecode.swift; path = AuthRouterProtocol.swift; sourceTree = "<group>"; };
		B4B14F7528AC3A5A00BC355F /* AuthPresenterProtocol.swift */ = {isa = PBXFileReference; lastKnownFileType = sourcecode.swift; path = AuthPresenterProtocol.swift; sourceTree = "<group>"; };
		B4B14F7828AC3C7100BC355F /* ConfiguratorAuth.swift */ = {isa = PBXFileReference; lastKnownFileType = sourcecode.swift; path = ConfiguratorAuth.swift; sourceTree = "<group>"; };
		B4B14F7B28AD7A2800BC355F /* ApiType.swift */ = {isa = PBXFileReference; lastKnownFileType = sourcecode.swift; path = ApiType.swift; sourceTree = "<group>"; };
		B4B14F7D28AD834800BC355F /* NetWorkMamager.swift */ = {isa = PBXFileReference; lastKnownFileType = sourcecode.swift; path = NetWorkMamager.swift; sourceTree = "<group>"; };
		B4B14F7F28AD84EF00BC355F /* TopicResult.swift */ = {isa = PBXFileReference; lastKnownFileType = sourcecode.swift; path = TopicResult.swift; sourceTree = "<group>"; };
		B4B14F8228AE2AE600BC355F /* TopicsViewController.swift */ = {isa = PBXFileReference; lastKnownFileType = sourcecode.swift; path = TopicsViewController.swift; sourceTree = "<group>"; };
		B4C0503B28AE326100F4F834 /* TopicCollectionCell.swift */ = {isa = PBXFileReference; lastKnownFileType = sourcecode.swift; path = TopicCollectionCell.swift; sourceTree = "<group>"; };
		B4C0503D28AE344500F4F834 /* TopicCollectionLayout.swift */ = {isa = PBXFileReference; lastKnownFileType = sourcecode.swift; path = TopicCollectionLayout.swift; sourceTree = "<group>"; };
		B4C0503F28AE746300F4F834 /* PhotoPopularCollectionCell.swift */ = {isa = PBXFileReference; lastKnownFileType = sourcecode.swift; path = PhotoPopularCollectionCell.swift; sourceTree = "<group>"; };
		FD881D356E44B3578A172706 /* Pods-PrototypeVK.debug.xcconfig */ = {isa = PBXFileReference; includeInIndex = 1; lastKnownFileType = text.xcconfig; name = "Pods-PrototypeVK.debug.xcconfig"; path = "Target Support Files/Pods-PrototypeVK/Pods-PrototypeVK.debug.xcconfig"; sourceTree = "<group>"; };
/* End PBXFileReference section */

/* Begin PBXFrameworksBuildPhase section */
		B456896228311CB1007FA9F5 /* Frameworks */ = {
			isa = PBXFrameworksBuildPhase;
			buildActionMask = 2147483647;
			files = (
				B4478D51283A92B500A4CDFB /* iOSIntPackage in Frameworks */,
				0DC2557DE18348DBEFFA1951 /* Pods_PrototypeVK.framework in Frameworks */,
			);
			runOnlyForDeploymentPostprocessing = 0;
		};
/* End PBXFrameworksBuildPhase section */

/* Begin PBXGroup section */
		9A8C2502015F1436251B14B6 /* Frameworks */ = {
			isa = PBXGroup;
			children = (
				02F48D1F7CDC92ECD5EA7A2E /* Pods_PrototypeVK.framework */,
			);
			name = Frameworks;
			sourceTree = "<group>";
		};
		A43ACAEFD16EFCEBC22FCA08 /* Pods */ = {
			isa = PBXGroup;
			children = (
				FD881D356E44B3578A172706 /* Pods-PrototypeVK.debug.xcconfig */,
				3E381613403C864E5CE57F1A /* Pods-PrototypeVK.release.xcconfig */,
			);
			path = Pods;
			sourceTree = "<group>";
		};
		B437D3FA2857A77E0079C09A /* SignInViper */ = {
			isa = PBXGroup;
			children = (
				B437D4032857B42E0079C09A /* SignInView */,
				B437D4042857B4630079C09A /* SignInPresenter */,
				B437D4052857B4850079C09A /* SignInRouter */,
				B437D4092857B4A90079C09A /* SignInInteractor */,
				B437D40A2857B4C60079C09A /* SignInConfigurator */,
			);
			path = SignInViper;
			sourceTree = "<group>";
		};
		B437D4032857B42E0079C09A /* SignInView */ = {
			isa = PBXGroup;
			children = (
				B4B10C3228424A190027C168 /* SignInViewController.swift */,
				B4B14F6828AAA6E800BC355F /* CountryType.swift */,
				B437D418285F9F380079C09A /* SignInViewProtocol.swift */,
			);
			name = SignInView;
			sourceTree = "<group>";
		};
		B437D4042857B4630079C09A /* SignInPresenter */ = {
			isa = PBXGroup;
			children = (
				B437D3FB2857A7B20079C09A /* PresenterSignIn.swift */,
				B437D416285A75AC0079C09A /* SignInPresenterProtocol.swift */,
			);
			path = SignInPresenter;
			sourceTree = "<group>";
		};
		B437D4052857B4850079C09A /* SignInRouter */ = {
			isa = PBXGroup;
			children = (
				B437D3FD2857A7D00079C09A /* RouterSignIn.swift */,
				B437D40C2857BCE70079C09A /* SignInRouterProtocol.swift */,
			);
			name = SignInRouter;
			sourceTree = "<group>";
		};
		B437D4092857B4A90079C09A /* SignInInteractor */ = {
			isa = PBXGroup;
			children = (
				B437D3FF2857A7E50079C09A /* InteractorSignIn.swift */,
				B437D414285A75090079C09A /* SignInteractorInput.swift */,
				B437D412285A74EB0079C09A /* SignInInteractorOutput.swift */,
				B49C783E2845308A00D9FFB1 /* LocalAuthorizationService.swift */,
			);
			path = SignInInteractor;
			sourceTree = "<group>";
		};
		B437D40A2857B4C60079C09A /* SignInConfigurator */ = {
			isa = PBXGroup;
			children = (
				B437D4012857A8BF0079C09A /* ConfiguratorSignIn.swift */,
			);
			name = SignInConfigurator;
			sourceTree = "<group>";
		};
		B437D41A285FB1C90079C09A /* LogInViper */ = {
			isa = PBXGroup;
			children = (
				B437D41B285FB1DA0079C09A /* LogInView */,
				B437D41D285FB1EF0079C09A /* LogInPresenter */,
				B437D423285FB2D40079C09A /* LogInInteractor */,
				B437D422285FB2A60079C09A /* LogInConfigurator */,
				B437D41F285FB2090079C09A /* LogInRouter */,
			);
			name = LogInViper;
			sourceTree = "<group>";
		};
		B437D41B285FB1DA0079C09A /* LogInView */ = {
			isa = PBXGroup;
			children = (
				B437D40E2858FAF60079C09A /* FPNService.swift */,
				B4B10C3428424AB70027C168 /* LogInViewController.swift */,
				B437D42C285FB49B0079C09A /* LogInViewProtocol.swift */,
			);
			name = LogInView;
			sourceTree = "<group>";
		};
		B437D41D285FB1EF0079C09A /* LogInPresenter */ = {
			isa = PBXGroup;
			children = (
				B437D424285FB3AD0079C09A /* PresenterLogIn.swift */,
				B437D42E285FB4DF0079C09A /* LogInPresenterProtocol .swift */,
			);
			name = LogInPresenter;
			sourceTree = "<group>";
		};
		B437D41F285FB2090079C09A /* LogInRouter */ = {
			isa = PBXGroup;
			children = (
				B437D42A285FB3DA0079C09A /* RouterLogIn.swift */,
				B437D434285FB5D30079C09A /* LogInRouterProtocol.swift */,
			);
			name = LogInRouter;
			sourceTree = "<group>";
		};
		B437D422285FB2A60079C09A /* LogInConfigurator */ = {
			isa = PBXGroup;
			children = (
				B437D428285FB3CF0079C09A /* ConfiguratorLogIn.swift */,
			);
			name = LogInConfigurator;
			sourceTree = "<group>";
		};
		B437D423285FB2D40079C09A /* LogInInteractor */ = {
			isa = PBXGroup;
			children = (
				B437D426285FB3C10079C09A /* InteractorLogIn.swift */,
				B437D430285FB5120079C09A /* LogInInteractorInput.swift */,
				B437D432285FB55C0079C09A /* LogInInteractorOutput.swift */,
			);
			name = LogInInteractor;
			sourceTree = "<group>";
		};
		B437D4382860D9180079C09A /* CheckCodeViper */ = {
			isa = PBXGroup;
			children = (
				B437D4392860D9A70079C09A /* CheckCodeView */,
				B437D43A2860D9B80079C09A /* CheckCodePresenter */,
				B437D43C2860D9D00079C09A /* CheckCodeInteractor */,
				B437D43E2860DB110079C09A /* CheckCodeConfigurator */,
				B437D43D2860DAFD0079C09A /* CheckCodeRouter */,
			);
			name = CheckCodeViper;
			sourceTree = "<group>";
		};
		B437D4392860D9A70079C09A /* CheckCodeView */ = {
			isa = PBXGroup;
			children = (
				B4B10C3628424DD30027C168 /* CheckCodeViewController.swift */,
			);
			name = CheckCodeView;
			sourceTree = "<group>";
		};
		B437D43A2860D9B80079C09A /* CheckCodePresenter */ = {
			isa = PBXGroup;
			children = (
				B437D43F2860DB550079C09A /* PresenterCheckCode.swift */,
			);
			name = CheckCodePresenter;
			sourceTree = "<group>";
		};
		B437D43C2860D9D00079C09A /* CheckCodeInteractor */ = {
			isa = PBXGroup;
			children = (
				B437D4412860DB640079C09A /* InteractorCheckCode.swift */,
			);
			name = CheckCodeInteractor;
			sourceTree = "<group>";
		};
		B437D43D2860DAFD0079C09A /* CheckCodeRouter */ = {
			isa = PBXGroup;
			children = (
				B437D4452860DB810079C09A /* RouterCheckCode.swift */,
			);
			name = CheckCodeRouter;
			sourceTree = "<group>";
		};
		B437D43E2860DB110079C09A /* CheckCodeConfigurator */ = {
			isa = PBXGroup;
			children = (
				B437D4432860DB750079C09A /* ConfiguratorCheckCode.swift */,
			);
			name = CheckCodeConfigurator;
			sourceTree = "<group>";
		};
		B456895C28311CB1007FA9F5 = {
			isa = PBXGroup;
			children = (
				B456896728311CB1007FA9F5 /* PrototypeVK */,
				B456896628311CB1007FA9F5 /* Products */,
				A43ACAEFD16EFCEBC22FCA08 /* Pods */,
				9A8C2502015F1436251B14B6 /* Frameworks */,
			);
			sourceTree = "<group>";
		};
		B456896628311CB1007FA9F5 /* Products */ = {
			isa = PBXGroup;
			children = (
				B456896528311CB1007FA9F5 /* PrototypeVK.app */,
			);
			name = Products;
			sourceTree = "<group>";
		};
		B456896728311CB1007FA9F5 /* PrototypeVK */ = {
			isa = PBXGroup;
			children = (
				B456896828311CB1007FA9F5 /* AppDelegate.swift */,
				B456896A28311CB1007FA9F5 /* SceneDelegate.swift */,
				B456896C28311CB1007FA9F5 /* ViewController.swift */,
				B4B14F8128AE2AB700BC355F /* Topics */,
				B49C784028467B2500D9FFB1 /* ColorMode */,
				B4B10C3828424E0B0027C168 /* Authorization */,
				B4478D4D283A6E5500A4CDFB /* Images.swift */,
				B4B14F7A28AD7A0100BC355F /* API */,
				B456896E28311CB1007FA9F5 /* Main.storyboard */,
				B456897128311CB6007FA9F5 /* Assets.xcassets */,
				B456897328311CB6007FA9F5 /* LaunchScreen.storyboard */,
				B456897628311CB6007FA9F5 /* Info.plist */,
			);
			path = PrototypeVK;
			sourceTree = "<group>";
		};
		B49C784028467B2500D9FFB1 /* ColorMode */ = {
			isa = PBXGroup;
			children = (
				B49C784128467BE700D9FFB1 /* BlackMode.swift */,
				B49C7843284680CF00D9FFB1 /* CustomColors.swift */,
			);
			path = ColorMode;
			sourceTree = "<group>";
		};
		B49C7845285262AB00D9FFB1 /* Localazation */ = {
			isa = PBXGroup;
			children = (
				B49C78482852658200D9FFB1 /* infoAuth.strings */,
				B49C784B28526A2B00D9FFB1 /* Localizable.strings */,
			);
			name = Localazation;
			sourceTree = "<group>";
		};
		B4B10C3828424E0B0027C168 /* Authorization */ = {
			isa = PBXGroup;
			children = (
				B456897C28312A2C007FA9F5 /* GoogleService-Info.plist */,
				B49C7845285262AB00D9FFB1 /* Localazation */,
				B4B14F6A28AC33EA00BC355F /* AuthViper */,
				B437D3FA2857A77E0079C09A /* SignInViper */,
				B437D41A285FB1C90079C09A /* LogInViper */,
				B437D4382860D9180079C09A /* CheckCodeViper */,
				B437D3F6285616770079C09A /* TypeAuthorization.swift */,
				B437D3F82857A2BD0079C09A /* OffsetTextField.swift */,
				B492CDE2283C08E000EF2DD2 /* PhoneNumberView.swift */,
			);
			name = Authorization;
			sourceTree = "<group>";
		};
		B4B14F6A28AC33EA00BC355F /* AuthViper */ = {
			isa = PBXGroup;
			children = (
				B4B14F7728AC3C4900BC355F /* AuthConfigurator */,
				B4B14F6B28AC341C00BC355F /* AuthView */,
				B4B14F6D28AC347D00BC355F /* AuthPresenter */,
				B4B14F6E28AC38F000BC355F /* AuthRouter */,
			);
			name = AuthViper;
			sourceTree = "<group>";
		};
		B4B14F6B28AC341C00BC355F /* AuthView */ = {
			isa = PBXGroup;
			children = (
				B4478D4B283A6A4100A4CDFB /* AuthViewController.swift */,
			);
			name = AuthView;
			sourceTree = "<group>";
		};
		B4B14F6D28AC347D00BC355F /* AuthPresenter */ = {
			isa = PBXGroup;
			children = (
				B4B14F6F28AC392C00BC355F /* PresenterAuth.swift */,
				B4B14F7528AC3A5A00BC355F /* AuthPresenterProtocol.swift */,
			);
			name = AuthPresenter;
			sourceTree = "<group>";
		};
		B4B14F6E28AC38F000BC355F /* AuthRouter */ = {
			isa = PBXGroup;
			children = (
				B4B14F7128AC393F00BC355F /* RouterAuth.swift */,
				B4B14F7328AC398600BC355F /* AuthRouterProtocol.swift */,
			);
			name = AuthRouter;
			sourceTree = "<group>";
		};
		B4B14F7728AC3C4900BC355F /* AuthConfigurator */ = {
			isa = PBXGroup;
			children = (
				B4B14F7828AC3C7100BC355F /* ConfiguratorAuth.swift */,
			);
			name = AuthConfigurator;
			sourceTree = "<group>";
		};
		B4B14F7A28AD7A0100BC355F /* API */ = {
			isa = PBXGroup;
			children = (
				B4B14F7B28AD7A2800BC355F /* ApiType.swift */,
				B4B14F7D28AD834800BC355F /* NetWorkMamager.swift */,
				B4B14F7F28AD84EF00BC355F /* TopicResult.swift */,
			);
			path = API;
			sourceTree = "<group>";
		};
		B4B14F8128AE2AB700BC355F /* Topics */ = {
			isa = PBXGroup;
			children = (
				B4B14F8228AE2AE600BC355F /* TopicsViewController.swift */,
				B4C0503B28AE326100F4F834 /* TopicCollectionCell.swift */,
				B4C0503D28AE344500F4F834 /* TopicCollectionLayout.swift */,
				B4C0503F28AE746300F4F834 /* PhotoPopularCollectionCell.swift */,
			);
			path = Topics;
			sourceTree = "<group>";
		};
/* End PBXGroup section */

/* Begin PBXNativeTarget section */
		B456896428311CB1007FA9F5 /* PrototypeVK */ = {
			isa = PBXNativeTarget;
			buildConfigurationList = B456897928311CB6007FA9F5 /* Build configuration list for PBXNativeTarget "PrototypeVK" */;
			buildPhases = (
				A4DF155842CF4235C9F75766 /* [CP] Check Pods Manifest.lock */,
				B456896128311CB1007FA9F5 /* Sources */,
				B456896228311CB1007FA9F5 /* Frameworks */,
				B456896328311CB1007FA9F5 /* Resources */,
				55B8A7A6FF0487235325148B /* [CP] Embed Pods Frameworks */,
			);
			buildRules = (
			);
			dependencies = (
			);
			name = PrototypeVK;
			packageProductDependencies = (
				B4478D50283A92B500A4CDFB /* iOSIntPackage */,
			);
			productName = PrototypeVK;
			productReference = B456896528311CB1007FA9F5 /* PrototypeVK.app */;
			productType = "com.apple.product-type.application";
		};
/* End PBXNativeTarget section */

/* Begin PBXProject section */
		B456895D28311CB1007FA9F5 /* Project object */ = {
			isa = PBXProject;
			attributes = {
				BuildIndependentTargetsInParallel = 1;
				LastSwiftUpdateCheck = 1330;
				LastUpgradeCheck = 1330;
				TargetAttributes = {
					B456896428311CB1007FA9F5 = {
						CreatedOnToolsVersion = 13.3.1;
					};
				};
			};
			buildConfigurationList = B456896028311CB1007FA9F5 /* Build configuration list for PBXProject "PrototypeVK" */;
			compatibilityVersion = "Xcode 13.0";
			developmentRegion = en;
			hasScannedForEncodings = 0;
			knownRegions = (
				en,
				Base,
				ru,
			);
			mainGroup = B456895C28311CB1007FA9F5;
			packageReferences = (
				B4478D4F283A92B500A4CDFB /* XCRemoteSwiftPackageReference "iOSIntPackage" */,
			);
			productRefGroup = B456896628311CB1007FA9F5 /* Products */;
			projectDirPath = "";
			projectRoot = "";
			targets = (
				B456896428311CB1007FA9F5 /* PrototypeVK */,
			);
		};
/* End PBXProject section */

/* Begin PBXResourcesBuildPhase section */
		B456896328311CB1007FA9F5 /* Resources */ = {
			isa = PBXResourcesBuildPhase;
			buildActionMask = 2147483647;
			files = (
				B456897528311CB6007FA9F5 /* LaunchScreen.storyboard in Resources */,
				B49C784D28526A2C00D9FFB1 /* Localizable.strings in Resources */,
				B456897D28312A2D007FA9F5 /* GoogleService-Info.plist in Resources */,
				B456897228311CB6007FA9F5 /* Assets.xcassets in Resources */,
				B456897028311CB1007FA9F5 /* Main.storyboard in Resources */,
				B49C784A2852658300D9FFB1 /* infoAuth.strings in Resources */,
			);
			runOnlyForDeploymentPostprocessing = 0;
		};
/* End PBXResourcesBuildPhase section */

/* Begin PBXShellScriptBuildPhase section */
		55B8A7A6FF0487235325148B /* [CP] Embed Pods Frameworks */ = {
			isa = PBXShellScriptBuildPhase;
			buildActionMask = 2147483647;
			files = (
			);
			inputFileListPaths = (
				"${PODS_ROOT}/Target Support Files/Pods-PrototypeVK/Pods-PrototypeVK-frameworks-${CONFIGURATION}-input-files.xcfilelist",
			);
			name = "[CP] Embed Pods Frameworks";
			outputFileListPaths = (
				"${PODS_ROOT}/Target Support Files/Pods-PrototypeVK/Pods-PrototypeVK-frameworks-${CONFIGURATION}-output-files.xcfilelist",
			);
			runOnlyForDeploymentPostprocessing = 0;
			shellPath = /bin/sh;
			shellScript = "\"${PODS_ROOT}/Target Support Files/Pods-PrototypeVK/Pods-PrototypeVK-frameworks.sh\"\n";
			showEnvVarsInLog = 0;
		};
		A4DF155842CF4235C9F75766 /* [CP] Check Pods Manifest.lock */ = {
			isa = PBXShellScriptBuildPhase;
			buildActionMask = 2147483647;
			files = (
			);
			inputFileListPaths = (
			);
			inputPaths = (
				"${PODS_PODFILE_DIR_PATH}/Podfile.lock",
				"${PODS_ROOT}/Manifest.lock",
			);
			name = "[CP] Check Pods Manifest.lock";
			outputFileListPaths = (
			);
			outputPaths = (
				"$(DERIVED_FILE_DIR)/Pods-PrototypeVK-checkManifestLockResult.txt",
			);
			runOnlyForDeploymentPostprocessing = 0;
			shellPath = /bin/sh;
			shellScript = "diff \"${PODS_PODFILE_DIR_PATH}/Podfile.lock\" \"${PODS_ROOT}/Manifest.lock\" > /dev/null\nif [ $? != 0 ] ; then\n    # print error to STDERR\n    echo \"error: The sandbox is not in sync with the Podfile.lock. Run 'pod install' or update your CocoaPods installation.\" >&2\n    exit 1\nfi\n# This output is used by Xcode 'outputs' to avoid re-running this script phase.\necho \"SUCCESS\" > \"${SCRIPT_OUTPUT_FILE_0}\"\n";
			showEnvVarsInLog = 0;
		};
/* End PBXShellScriptBuildPhase section */

/* Begin PBXSourcesBuildPhase section */
		B456896128311CB1007FA9F5 /* Sources */ = {
			isa = PBXSourcesBuildPhase;
			buildActionMask = 2147483647;
			files = (
				B437D3FC2857A7B20079C09A /* PresenterSignIn.swift in Sources */,
				B437D40F2858FAF70079C09A /* FPNService.swift in Sources */,
				B437D419285F9F390079C09A /* SignInViewProtocol.swift in Sources */,
				B49C783F2845308A00D9FFB1 /* LocalAuthorizationService.swift in Sources */,
				B4B14F6928AAA6E800BC355F /* CountryType.swift in Sources */,
				B437D4402860DB550079C09A /* PresenterCheckCode.swift in Sources */,
				B437D415285A75090079C09A /* SignInteractorInput.swift in Sources */,
				B49C7844284680CF00D9FFB1 /* CustomColors.swift in Sources */,
				B4B10C3328424A1A0027C168 /* SignInViewController.swift in Sources */,
				B437D42F285FB4DF0079C09A /* LogInPresenterProtocol .swift in Sources */,
				B4B14F7928AC3C7100BC355F /* ConfiguratorAuth.swift in Sources */,
				B492CDE3283C08E000EF2DD2 /* PhoneNumberView.swift in Sources */,
				B437D4442860DB750079C09A /* ConfiguratorCheckCode.swift in Sources */,
				B4B14F7E28AD834900BC355F /* NetWorkMamager.swift in Sources */,
				B4478D4C283A6A4100A4CDFB /* AuthViewController.swift in Sources */,
				B4C0503C28AE326100F4F834 /* TopicCollectionCell.swift in Sources */,
				B4C0503E28AE344500F4F834 /* TopicCollectionLayout.swift in Sources */,
				B437D429285FB3CF0079C09A /* ConfiguratorLogIn.swift in Sources */,
				B4B14F7628AC3A5A00BC355F /* AuthPresenterProtocol.swift in Sources */,
				B4B14F7C28AD7A2800BC355F /* ApiType.swift in Sources */,
				B437D3FE2857A7D00079C09A /* RouterSignIn.swift in Sources */,
				B49C784228467BE700D9FFB1 /* BlackMode.swift in Sources */,
				B4C0504028AE746300F4F834 /* PhotoPopularCollectionCell.swift in Sources */,
				B437D4002857A7E50079C09A /* InteractorSignIn.swift in Sources */,
				B437D435285FB5D30079C09A /* LogInRouterProtocol.swift in Sources */,
				B456896D28311CB1007FA9F5 /* ViewController.swift in Sources */,
				B437D42B285FB3DA0079C09A /* RouterLogIn.swift in Sources */,
				B4B10C3528424AB70027C168 /* LogInViewController.swift in Sources */,
				B4B14F7428AC398600BC355F /* AuthRouterProtocol.swift in Sources */,
				B437D4422860DB640079C09A /* InteractorCheckCode.swift in Sources */,
				B437D427285FB3C10079C09A /* InteractorLogIn.swift in Sources */,
				B4478D4E283A6E5500A4CDFB /* Images.swift in Sources */,
				B4B10C3728424DD30027C168 /* CheckCodeViewController.swift in Sources */,
				B437D425285FB3AD0079C09A /* PresenterLogIn.swift in Sources */,
				B437D3F7285616770079C09A /* TypeAuthorization.swift in Sources */,
				B456896928311CB1007FA9F5 /* AppDelegate.swift in Sources */,
				B437D42D285FB49B0079C09A /* LogInViewProtocol.swift in Sources */,
				B4B14F8028AD84EF00BC355F /* TopicResult.swift in Sources */,
				B437D431285FB5120079C09A /* LogInInteractorInput.swift in Sources */,
				B4B14F7228AC393F00BC355F /* RouterAuth.swift in Sources */,
				B437D4462860DB810079C09A /* RouterCheckCode.swift in Sources */,
				B437D40D2857BCE70079C09A /* SignInRouterProtocol.swift in Sources */,
				B437D3F92857A2BD0079C09A /* OffsetTextField.swift in Sources */,
				B437D433285FB55C0079C09A /* LogInInteractorOutput.swift in Sources */,
				B437D413285A74EB0079C09A /* SignInInteractorOutput.swift in Sources */,
				B437D4022857A8BF0079C09A /* ConfiguratorSignIn.swift in Sources */,
				B437D417285A75AC0079C09A /* SignInPresenterProtocol.swift in Sources */,
				B4B14F8328AE2AE600BC355F /* TopicsViewController.swift in Sources */,
				B456896B28311CB1007FA9F5 /* SceneDelegate.swift in Sources */,
				B4B14F7028AC392C00BC355F /* PresenterAuth.swift in Sources */,
			);
			runOnlyForDeploymentPostprocessing = 0;
		};
/* End PBXSourcesBuildPhase section */

/* Begin PBXVariantGroup section */
		B456896E28311CB1007FA9F5 /* Main.storyboard */ = {
			isa = PBXVariantGroup;
			children = (
				B456896F28311CB1007FA9F5 /* Base */,
			);
			name = Main.storyboard;
			sourceTree = "<group>";
		};
		B456897328311CB6007FA9F5 /* LaunchScreen.storyboard */ = {
			isa = PBXVariantGroup;
			children = (
				B456897428311CB6007FA9F5 /* Base */,
			);
			name = LaunchScreen.storyboard;
			sourceTree = "<group>";
		};
		B49C78482852658200D9FFB1 /* infoAuth.strings */ = {
			isa = PBXVariantGroup;
			children = (
				B49C78492852658300D9FFB1 /* ru */,
			);
			name = infoAuth.strings;
			sourceTree = "<group>";
		};
		B49C784B28526A2B00D9FFB1 /* Localizable.strings */ = {
			isa = PBXVariantGroup;
			children = (
				B49C784C28526A2B00D9FFB1 /* ru */,
			);
			name = Localizable.strings;
			sourceTree = "<group>";
		};
/* End PBXVariantGroup section */

/* Begin XCBuildConfiguration section */
		B456897728311CB6007FA9F5 /* Debug */ = {
			isa = XCBuildConfiguration;
			buildSettings = {
				ALWAYS_SEARCH_USER_PATHS = NO;
				CLANG_ANALYZER_NONNULL = YES;
				CLANG_ANALYZER_NUMBER_OBJECT_CONVERSION = YES_AGGRESSIVE;
				CLANG_CXX_LANGUAGE_STANDARD = "gnu++17";
				CLANG_ENABLE_MODULES = YES;
				CLANG_ENABLE_OBJC_ARC = YES;
				CLANG_ENABLE_OBJC_WEAK = YES;
				CLANG_WARN_BLOCK_CAPTURE_AUTORELEASING = YES;
				CLANG_WARN_BOOL_CONVERSION = YES;
				CLANG_WARN_COMMA = YES;
				CLANG_WARN_CONSTANT_CONVERSION = YES;
				CLANG_WARN_DEPRECATED_OBJC_IMPLEMENTATIONS = YES;
				CLANG_WARN_DIRECT_OBJC_ISA_USAGE = YES_ERROR;
				CLANG_WARN_DOCUMENTATION_COMMENTS = YES;
				CLANG_WARN_EMPTY_BODY = YES;
				CLANG_WARN_ENUM_CONVERSION = YES;
				CLANG_WARN_INFINITE_RECURSION = YES;
				CLANG_WARN_INT_CONVERSION = YES;
				CLANG_WARN_NON_LITERAL_NULL_CONVERSION = YES;
				CLANG_WARN_OBJC_IMPLICIT_RETAIN_SELF = YES;
				CLANG_WARN_OBJC_LITERAL_CONVERSION = YES;
				CLANG_WARN_OBJC_ROOT_CLASS = YES_ERROR;
				CLANG_WARN_QUOTED_INCLUDE_IN_FRAMEWORK_HEADER = YES;
				CLANG_WARN_RANGE_LOOP_ANALYSIS = YES;
				CLANG_WARN_STRICT_PROTOTYPES = YES;
				CLANG_WARN_SUSPICIOUS_MOVE = YES;
				CLANG_WARN_UNGUARDED_AVAILABILITY = YES_AGGRESSIVE;
				CLANG_WARN_UNREACHABLE_CODE = YES;
				CLANG_WARN__DUPLICATE_METHOD_MATCH = YES;
				COPY_PHASE_STRIP = NO;
				DEBUG_INFORMATION_FORMAT = dwarf;
				ENABLE_STRICT_OBJC_MSGSEND = YES;
				ENABLE_TESTABILITY = YES;
				GCC_C_LANGUAGE_STANDARD = gnu11;
				GCC_DYNAMIC_NO_PIC = NO;
				GCC_NO_COMMON_BLOCKS = YES;
				GCC_OPTIMIZATION_LEVEL = 0;
				GCC_PREPROCESSOR_DEFINITIONS = (
					"DEBUG=1",
					"$(inherited)",
				);
				GCC_WARN_64_TO_32_BIT_CONVERSION = YES;
				GCC_WARN_ABOUT_RETURN_TYPE = YES_ERROR;
				GCC_WARN_UNDECLARED_SELECTOR = YES;
				GCC_WARN_UNINITIALIZED_AUTOS = YES_AGGRESSIVE;
				GCC_WARN_UNUSED_FUNCTION = YES;
				GCC_WARN_UNUSED_VARIABLE = YES;
				IPHONEOS_DEPLOYMENT_TARGET = 15.4;
				MTL_ENABLE_DEBUG_INFO = INCLUDE_SOURCE;
				MTL_FAST_MATH = YES;
				ONLY_ACTIVE_ARCH = YES;
				SDKROOT = iphoneos;
				SWIFT_ACTIVE_COMPILATION_CONDITIONS = DEBUG;
				SWIFT_OPTIMIZATION_LEVEL = "-Onone";
			};
			name = Debug;
		};
		B456897828311CB6007FA9F5 /* Release */ = {
			isa = XCBuildConfiguration;
			buildSettings = {
				ALWAYS_SEARCH_USER_PATHS = NO;
				CLANG_ANALYZER_NONNULL = YES;
				CLANG_ANALYZER_NUMBER_OBJECT_CONVERSION = YES_AGGRESSIVE;
				CLANG_CXX_LANGUAGE_STANDARD = "gnu++17";
				CLANG_ENABLE_MODULES = YES;
				CLANG_ENABLE_OBJC_ARC = YES;
				CLANG_ENABLE_OBJC_WEAK = YES;
				CLANG_WARN_BLOCK_CAPTURE_AUTORELEASING = YES;
				CLANG_WARN_BOOL_CONVERSION = YES;
				CLANG_WARN_COMMA = YES;
				CLANG_WARN_CONSTANT_CONVERSION = YES;
				CLANG_WARN_DEPRECATED_OBJC_IMPLEMENTATIONS = YES;
				CLANG_WARN_DIRECT_OBJC_ISA_USAGE = YES_ERROR;
				CLANG_WARN_DOCUMENTATION_COMMENTS = YES;
				CLANG_WARN_EMPTY_BODY = YES;
				CLANG_WARN_ENUM_CONVERSION = YES;
				CLANG_WARN_INFINITE_RECURSION = YES;
				CLANG_WARN_INT_CONVERSION = YES;
				CLANG_WARN_NON_LITERAL_NULL_CONVERSION = YES;
				CLANG_WARN_OBJC_IMPLICIT_RETAIN_SELF = YES;
				CLANG_WARN_OBJC_LITERAL_CONVERSION = YES;
				CLANG_WARN_OBJC_ROOT_CLASS = YES_ERROR;
				CLANG_WARN_QUOTED_INCLUDE_IN_FRAMEWORK_HEADER = YES;
				CLANG_WARN_RANGE_LOOP_ANALYSIS = YES;
				CLANG_WARN_STRICT_PROTOTYPES = YES;
				CLANG_WARN_SUSPICIOUS_MOVE = YES;
				CLANG_WARN_UNGUARDED_AVAILABILITY = YES_AGGRESSIVE;
				CLANG_WARN_UNREACHABLE_CODE = YES;
				CLANG_WARN__DUPLICATE_METHOD_MATCH = YES;
				COPY_PHASE_STRIP = NO;
				DEBUG_INFORMATION_FORMAT = "dwarf-with-dsym";
				ENABLE_NS_ASSERTIONS = NO;
				ENABLE_STRICT_OBJC_MSGSEND = YES;
				GCC_C_LANGUAGE_STANDARD = gnu11;
				GCC_NO_COMMON_BLOCKS = YES;
				GCC_WARN_64_TO_32_BIT_CONVERSION = YES;
				GCC_WARN_ABOUT_RETURN_TYPE = YES_ERROR;
				GCC_WARN_UNDECLARED_SELECTOR = YES;
				GCC_WARN_UNINITIALIZED_AUTOS = YES_AGGRESSIVE;
				GCC_WARN_UNUSED_FUNCTION = YES;
				GCC_WARN_UNUSED_VARIABLE = YES;
				IPHONEOS_DEPLOYMENT_TARGET = 15.4;
				MTL_ENABLE_DEBUG_INFO = NO;
				MTL_FAST_MATH = YES;
				SDKROOT = iphoneos;
				SWIFT_COMPILATION_MODE = wholemodule;
				SWIFT_OPTIMIZATION_LEVEL = "-O";
				VALIDATE_PRODUCT = YES;
			};
			name = Release;
		};
		B456897A28311CB6007FA9F5 /* Debug */ = {
			isa = XCBuildConfiguration;
			baseConfigurationReference = FD881D356E44B3578A172706 /* Pods-PrototypeVK.debug.xcconfig */;
			buildSettings = {
				ASSETCATALOG_COMPILER_APPICON_NAME = AppIcon;
				ASSETCATALOG_COMPILER_GLOBAL_ACCENT_COLOR_NAME = AccentColor;
				CODE_SIGN_STYLE = Automatic;
				CURRENT_PROJECT_VERSION = 1;
				DEVELOPMENT_TEAM = C56AM78GK2;
				GENERATE_INFOPLIST_FILE = YES;
				INFOPLIST_FILE = PrototypeVK/Info.plist;
				INFOPLIST_KEY_UIApplicationSupportsIndirectInputEvents = YES;
				INFOPLIST_KEY_UILaunchStoryboardName = LaunchScreen;
				INFOPLIST_KEY_UIMainStoryboardFile = Main;
				INFOPLIST_KEY_UISupportedInterfaceOrientations = "UIInterfaceOrientationPortrait UIInterfaceOrientationLandscapeRight UIInterfaceOrientationLandscapeLeft";
				INFOPLIST_KEY_UISupportedInterfaceOrientations_iPad = "UIInterfaceOrientationPortrait UIInterfaceOrientationPortraitUpsideDown UIInterfaceOrientationLandscapeLeft UIInterfaceOrientationLandscapeRight";
				INFOPLIST_KEY_UISupportedInterfaceOrientations_iPhone = "UIInterfaceOrientationPortrait UIInterfaceOrientationLandscapeLeft UIInterfaceOrientationLandscapeRight";
				LD_RUNPATH_SEARCH_PATHS = (
					"$(inherited)",
					"@executable_path/Frameworks",
				);
				MARKETING_VERSION = 1.0;
				PRODUCT_BUNDLE_IDENTIFIER = "com.Alexey-Kharin.PrototypeVK";
				PRODUCT_NAME = "$(TARGET_NAME)";
				SWIFT_EMIT_LOC_STRINGS = YES;
				SWIFT_VERSION = 5.0;
				TARGETED_DEVICE_FAMILY = "1,2";
			};
			name = Debug;
		};
		B456897B28311CB6007FA9F5 /* Release */ = {
			isa = XCBuildConfiguration;
			baseConfigurationReference = 3E381613403C864E5CE57F1A /* Pods-PrototypeVK.release.xcconfig */;
			buildSettings = {
				ASSETCATALOG_COMPILER_APPICON_NAME = AppIcon;
				ASSETCATALOG_COMPILER_GLOBAL_ACCENT_COLOR_NAME = AccentColor;
				CODE_SIGN_STYLE = Automatic;
				CURRENT_PROJECT_VERSION = 1;
				DEVELOPMENT_TEAM = C56AM78GK2;
				GENERATE_INFOPLIST_FILE = YES;
				INFOPLIST_FILE = PrototypeVK/Info.plist;
				INFOPLIST_KEY_UIApplicationSupportsIndirectInputEvents = YES;
				INFOPLIST_KEY_UILaunchStoryboardName = LaunchScreen;
				INFOPLIST_KEY_UIMainStoryboardFile = Main;
				INFOPLIST_KEY_UISupportedInterfaceOrientations = "UIInterfaceOrientationPortrait UIInterfaceOrientationLandscapeRight UIInterfaceOrientationLandscapeLeft";
				INFOPLIST_KEY_UISupportedInterfaceOrientations_iPad = "UIInterfaceOrientationPortrait UIInterfaceOrientationPortraitUpsideDown UIInterfaceOrientationLandscapeLeft UIInterfaceOrientationLandscapeRight";
				INFOPLIST_KEY_UISupportedInterfaceOrientations_iPhone = "UIInterfaceOrientationPortrait UIInterfaceOrientationLandscapeLeft UIInterfaceOrientationLandscapeRight";
				LD_RUNPATH_SEARCH_PATHS = (
					"$(inherited)",
					"@executable_path/Frameworks",
				);
				MARKETING_VERSION = 1.0;
				PRODUCT_BUNDLE_IDENTIFIER = "com.Alexey-Kharin.PrototypeVK";
				PRODUCT_NAME = "$(TARGET_NAME)";
				SWIFT_EMIT_LOC_STRINGS = YES;
				SWIFT_VERSION = 5.0;
				TARGETED_DEVICE_FAMILY = "1,2";
			};
			name = Release;
		};
/* End XCBuildConfiguration section */

/* Begin XCConfigurationList section */
		B456896028311CB1007FA9F5 /* Build configuration list for PBXProject "PrototypeVK" */ = {
			isa = XCConfigurationList;
			buildConfigurations = (
				B456897728311CB6007FA9F5 /* Debug */,
				B456897828311CB6007FA9F5 /* Release */,
			);
			defaultConfigurationIsVisible = 0;
			defaultConfigurationName = Release;
		};
		B456897928311CB6007FA9F5 /* Build configuration list for PBXNativeTarget "PrototypeVK" */ = {
			isa = XCConfigurationList;
			buildConfigurations = (
				B456897A28311CB6007FA9F5 /* Debug */,
				B456897B28311CB6007FA9F5 /* Release */,
			);
			defaultConfigurationIsVisible = 0;
			defaultConfigurationName = Release;
		};
/* End XCConfigurationList section */

/* Begin XCRemoteSwiftPackageReference section */
		B4478D4F283A92B500A4CDFB /* XCRemoteSwiftPackageReference "iOSIntPackage" */ = {
			isa = XCRemoteSwiftPackageReference;
			repositoryURL = "https://github.com/TrueMax/iOSIntPackage";
			requirement = {
				branch = imagepublisher;
				kind = branch;
			};
		};
/* End XCRemoteSwiftPackageReference section */

/* Begin XCSwiftPackageProductDependency section */
		B4478D50283A92B500A4CDFB /* iOSIntPackage */ = {
			isa = XCSwiftPackageProductDependency;
			package = B4478D4F283A92B500A4CDFB /* XCRemoteSwiftPackageReference "iOSIntPackage" */;
			productName = iOSIntPackage;
		};
/* End XCSwiftPackageProductDependency section */
	};
	rootObject = B456895D28311CB1007FA9F5 /* Project object */;
}
