// !$*UTF8*$!
{
	archiveVersion = 1;
	classes = {
	};
	objectVersion = 55;
	objects = {

/* Begin PBXBuildFile section */
		79F566026E9676B4344E34C4 /* Pods_PrototypeVK.framework in Frameworks */ = {isa = PBXBuildFile; fileRef = 17955C9B801802F0CA32A217 /* Pods_PrototypeVK.framework */; };
		B437D3F7285616770079C09A /* TypeAuthorization.swift in Sources */ = {isa = PBXBuildFile; fileRef = B437D3F6285616770079C09A /* TypeAuthorization.swift */; };
		B4478D4C283A6A4100A4CDFB /* AuthViewController.swift in Sources */ = {isa = PBXBuildFile; fileRef = B4478D4B283A6A4100A4CDFB /* AuthViewController.swift */; };
		B4478D4E283A6E5500A4CDFB /* Images.swift in Sources */ = {isa = PBXBuildFile; fileRef = B4478D4D283A6E5500A4CDFB /* Images.swift */; };
		B4478D51283A92B500A4CDFB /* iOSIntPackage in Frameworks */ = {isa = PBXBuildFile; productRef = B4478D50283A92B500A4CDFB /* iOSIntPackage */; };
		B456896928311CB1007FA9F5 /* AppDelegate.swift in Sources */ = {isa = PBXBuildFile; fileRef = B456896828311CB1007FA9F5 /* AppDelegate.swift */; };
		B456896B28311CB1007FA9F5 /* SceneDelegate.swift in Sources */ = {isa = PBXBuildFile; fileRef = B456896A28311CB1007FA9F5 /* SceneDelegate.swift */; };
		B456896D28311CB1007FA9F5 /* ViewController.swift in Sources */ = {isa = PBXBuildFile; fileRef = B456896C28311CB1007FA9F5 /* ViewController.swift */; };
		B456897028311CB1007FA9F5 /* Main.storyboard in Resources */ = {isa = PBXBuildFile; fileRef = B456896E28311CB1007FA9F5 /* Main.storyboard */; };
		B456897228311CB6007FA9F5 /* Assets.xcassets in Resources */ = {isa = PBXBuildFile; fileRef = B456897128311CB6007FA9F5 /* Assets.xcassets */; };
		B456897528311CB6007FA9F5 /* LaunchScreen.storyboard in Resources */ = {isa = PBXBuildFile; fileRef = B456897328311CB6007FA9F5 /* LaunchScreen.storyboard */; };
		B456897D28312A2D007FA9F5 /* GoogleService-Info.plist in Resources */ = {isa = PBXBuildFile; fileRef = B456897C28312A2C007FA9F5 /* GoogleService-Info.plist */; };
		B492CDE3283C08E000EF2DD2 /* PhoneNumberView.swift in Sources */ = {isa = PBXBuildFile; fileRef = B492CDE2283C08E000EF2DD2 /* PhoneNumberView.swift */; };
		B49C783F2845308A00D9FFB1 /* LocalAuthorizationService.swift in Sources */ = {isa = PBXBuildFile; fileRef = B49C783E2845308A00D9FFB1 /* LocalAuthorizationService.swift */; };
		B49C784228467BE700D9FFB1 /* BlackMode.swift in Sources */ = {isa = PBXBuildFile; fileRef = B49C784128467BE700D9FFB1 /* BlackMode.swift */; };
		B49C7844284680CF00D9FFB1 /* CustomColors.swift in Sources */ = {isa = PBXBuildFile; fileRef = B49C7843284680CF00D9FFB1 /* CustomColors.swift */; };
		B49C784A2852658300D9FFB1 /* infoAuth.strings in Resources */ = {isa = PBXBuildFile; fileRef = B49C78482852658200D9FFB1 /* infoAuth.strings */; };
		B49C784D28526A2C00D9FFB1 /* Localizable.strings in Resources */ = {isa = PBXBuildFile; fileRef = B49C784B28526A2B00D9FFB1 /* Localizable.strings */; };
		B4B10C3328424A1A0027C168 /* SignInViewController.swift in Sources */ = {isa = PBXBuildFile; fileRef = B4B10C3228424A190027C168 /* SignInViewController.swift */; };
		B4B10C3528424AB70027C168 /* LogInViewController.swift in Sources */ = {isa = PBXBuildFile; fileRef = B4B10C3428424AB70027C168 /* LogInViewController.swift */; };
		B4B10C3728424DD30027C168 /* CheckCodeViewController.swift in Sources */ = {isa = PBXBuildFile; fileRef = B4B10C3628424DD30027C168 /* CheckCodeViewController.swift */; };
		B4B10C3A2842B3120027C168 /* PhoneNumberText.swift in Sources */ = {isa = PBXBuildFile; fileRef = B4B10C392842B3120027C168 /* PhoneNumberText.swift */; };
/* End PBXBuildFile section */

/* Begin PBXFileReference section */
		17955C9B801802F0CA32A217 /* Pods_PrototypeVK.framework */ = {isa = PBXFileReference; explicitFileType = wrapper.framework; includeInIndex = 0; path = Pods_PrototypeVK.framework; sourceTree = BUILT_PRODUCTS_DIR; };
		3A503CF6E72C8060F8D17CC8 /* Pods-PrototypeVK.debug.xcconfig */ = {isa = PBXFileReference; includeInIndex = 1; lastKnownFileType = text.xcconfig; name = "Pods-PrototypeVK.debug.xcconfig"; path = "Target Support Files/Pods-PrototypeVK/Pods-PrototypeVK.debug.xcconfig"; sourceTree = "<group>"; };
		B437D3F6285616770079C09A /* TypeAuthorization.swift */ = {isa = PBXFileReference; lastKnownFileType = sourcecode.swift; path = TypeAuthorization.swift; sourceTree = "<group>"; };
		B4478D4B283A6A4100A4CDFB /* AuthViewController.swift */ = {isa = PBXFileReference; lastKnownFileType = sourcecode.swift; path = AuthViewController.swift; sourceTree = "<group>"; };
		B4478D4D283A6E5500A4CDFB /* Images.swift */ = {isa = PBXFileReference; lastKnownFileType = sourcecode.swift; path = Images.swift; sourceTree = "<group>"; };
		B456896528311CB1007FA9F5 /* PrototypeVK.app */ = {isa = PBXFileReference; explicitFileType = wrapper.application; includeInIndex = 0; path = PrototypeVK.app; sourceTree = BUILT_PRODUCTS_DIR; };
		B456896828311CB1007FA9F5 /* AppDelegate.swift */ = {isa = PBXFileReference; lastKnownFileType = sourcecode.swift; path = AppDelegate.swift; sourceTree = "<group>"; };
		B456896A28311CB1007FA9F5 /* SceneDelegate.swift */ = {isa = PBXFileReference; lastKnownFileType = sourcecode.swift; path = SceneDelegate.swift; sourceTree = "<group>"; };
		B456896C28311CB1007FA9F5 /* ViewController.swift */ = {isa = PBXFileReference; lastKnownFileType = sourcecode.swift; path = ViewController.swift; sourceTree = "<group>"; };
		B456896F28311CB1007FA9F5 /* Base */ = {isa = PBXFileReference; lastKnownFileType = file.storyboard; name = Base; path = Base.lproj/Main.storyboard; sourceTree = "<group>"; };
		B456897128311CB6007FA9F5 /* Assets.xcassets */ = {isa = PBXFileReference; lastKnownFileType = folder.assetcatalog; path = Assets.xcassets; sourceTree = "<group>"; };
		B456897428311CB6007FA9F5 /* Base */ = {isa = PBXFileReference; lastKnownFileType = file.storyboard; name = Base; path = Base.lproj/LaunchScreen.storyboard; sourceTree = "<group>"; };
		B456897628311CB6007FA9F5 /* Info.plist */ = {isa = PBXFileReference; lastKnownFileType = text.plist.xml; path = Info.plist; sourceTree = "<group>"; };
		B456897C28312A2C007FA9F5 /* GoogleService-Info.plist */ = {isa = PBXFileReference; fileEncoding = 4; lastKnownFileType = text.plist.xml; path = "GoogleService-Info.plist"; sourceTree = "<group>"; };
		B492CDE2283C08E000EF2DD2 /* PhoneNumberView.swift */ = {isa = PBXFileReference; lastKnownFileType = sourcecode.swift; path = PhoneNumberView.swift; sourceTree = "<group>"; };
		B49C783E2845308A00D9FFB1 /* LocalAuthorizationService.swift */ = {isa = PBXFileReference; lastKnownFileType = sourcecode.swift; path = LocalAuthorizationService.swift; sourceTree = "<group>"; };
		B49C784128467BE700D9FFB1 /* BlackMode.swift */ = {isa = PBXFileReference; lastKnownFileType = sourcecode.swift; path = BlackMode.swift; sourceTree = "<group>"; };
		B49C7843284680CF00D9FFB1 /* CustomColors.swift */ = {isa = PBXFileReference; lastKnownFileType = sourcecode.swift; path = CustomColors.swift; sourceTree = "<group>"; };
		B49C78492852658300D9FFB1 /* ru */ = {isa = PBXFileReference; lastKnownFileType = text.plist.strings; name = ru; path = ru.lproj/infoAuth.strings; sourceTree = "<group>"; };
		B49C784C28526A2B00D9FFB1 /* ru */ = {isa = PBXFileReference; lastKnownFileType = text.plist.strings; name = ru; path = ru.lproj/Localizable.strings; sourceTree = "<group>"; };
		B4B10C3228424A190027C168 /* SignInViewController.swift */ = {isa = PBXFileReference; lastKnownFileType = sourcecode.swift; path = SignInViewController.swift; sourceTree = "<group>"; };
		B4B10C3428424AB70027C168 /* LogInViewController.swift */ = {isa = PBXFileReference; lastKnownFileType = sourcecode.swift; path = LogInViewController.swift; sourceTree = "<group>"; };
		B4B10C3628424DD30027C168 /* CheckCodeViewController.swift */ = {isa = PBXFileReference; lastKnownFileType = sourcecode.swift; path = CheckCodeViewController.swift; sourceTree = "<group>"; };
		B4B10C392842B3120027C168 /* PhoneNumberText.swift */ = {isa = PBXFileReference; lastKnownFileType = sourcecode.swift; path = PhoneNumberText.swift; sourceTree = "<group>"; };
		E968E501173D69F3928EDB30 /* Pods-PrototypeVK.release.xcconfig */ = {isa = PBXFileReference; includeInIndex = 1; lastKnownFileType = text.xcconfig; name = "Pods-PrototypeVK.release.xcconfig"; path = "Target Support Files/Pods-PrototypeVK/Pods-PrototypeVK.release.xcconfig"; sourceTree = "<group>"; };
/* End PBXFileReference section */

/* Begin PBXFrameworksBuildPhase section */
		B456896228311CB1007FA9F5 /* Frameworks */ = {
			isa = PBXFrameworksBuildPhase;
			buildActionMask = 2147483647;
			files = (
				79F566026E9676B4344E34C4 /* Pods_PrototypeVK.framework in Frameworks */,
				B4478D51283A92B500A4CDFB /* iOSIntPackage in Frameworks */,
			);
			runOnlyForDeploymentPostprocessing = 0;
		};
/* End PBXFrameworksBuildPhase section */

/* Begin PBXGroup section */
		7A44E40C9C9AD951561BF531 /* Frameworks */ = {
			isa = PBXGroup;
			children = (
				17955C9B801802F0CA32A217 /* Pods_PrototypeVK.framework */,
			);
			name = Frameworks;
			sourceTree = "<group>";
		};
		A43ACAEFD16EFCEBC22FCA08 /* Pods */ = {
			isa = PBXGroup;
			children = (
				3A503CF6E72C8060F8D17CC8 /* Pods-PrototypeVK.debug.xcconfig */,
				E968E501173D69F3928EDB30 /* Pods-PrototypeVK.release.xcconfig */,
			);
			path = Pods;
			sourceTree = "<group>";
		};
		B456895C28311CB1007FA9F5 = {
			isa = PBXGroup;
			children = (
				B456896728311CB1007FA9F5 /* PrototypeVK */,
				B456896628311CB1007FA9F5 /* Products */,
				A43ACAEFD16EFCEBC22FCA08 /* Pods */,
				7A44E40C9C9AD951561BF531 /* Frameworks */,
			);
			sourceTree = "<group>";
		};
		B456896628311CB1007FA9F5 /* Products */ = {
			isa = PBXGroup;
			children = (
				B456896528311CB1007FA9F5 /* PrototypeVK.app */,
			);
			name = Products;
			sourceTree = "<group>";
		};
		B456896728311CB1007FA9F5 /* PrototypeVK */ = {
			isa = PBXGroup;
			children = (
				B456896828311CB1007FA9F5 /* AppDelegate.swift */,
				B456896A28311CB1007FA9F5 /* SceneDelegate.swift */,
				B456896C28311CB1007FA9F5 /* ViewController.swift */,
				B49C784028467B2500D9FFB1 /* ColorMode */,
				B4B10C3828424E0B0027C168 /* Authorization */,
				B4478D4D283A6E5500A4CDFB /* Images.swift */,
				B456896E28311CB1007FA9F5 /* Main.storyboard */,
				B456897128311CB6007FA9F5 /* Assets.xcassets */,
				B456897328311CB6007FA9F5 /* LaunchScreen.storyboard */,
				B456897628311CB6007FA9F5 /* Info.plist */,
			);
			path = PrototypeVK;
			sourceTree = "<group>";
		};
		B49C784028467B2500D9FFB1 /* ColorMode */ = {
			isa = PBXGroup;
			children = (
				B49C784128467BE700D9FFB1 /* BlackMode.swift */,
				B49C7843284680CF00D9FFB1 /* CustomColors.swift */,
			);
			path = ColorMode;
			sourceTree = "<group>";
		};
		B49C7845285262AB00D9FFB1 /* Localazation */ = {
			isa = PBXGroup;
			children = (
				B49C78482852658200D9FFB1 /* infoAuth.strings */,
				B49C784B28526A2B00D9FFB1 /* Localizable.strings */,
			);
			name = Localazation;
			sourceTree = "<group>";
		};
		B4B10C3828424E0B0027C168 /* Authorization */ = {
			isa = PBXGroup;
			children = (
				B456897C28312A2C007FA9F5 /* GoogleService-Info.plist */,
				B49C7845285262AB00D9FFB1 /* Localazation */,
				B4B10C3228424A190027C168 /* SignInViewController.swift */,
				B4B10C3428424AB70027C168 /* LogInViewController.swift */,
				B4B10C3628424DD30027C168 /* CheckCodeViewController.swift */,
				B437D3F6285616770079C09A /* TypeAuthorization.swift */,
				B4B10C392842B3120027C168 /* PhoneNumberText.swift */,
				B4478D4B283A6A4100A4CDFB /* AuthViewController.swift */,
				B492CDE2283C08E000EF2DD2 /* PhoneNumberView.swift */,
				B49C783E2845308A00D9FFB1 /* LocalAuthorizationService.swift */,
			);
			name = Authorization;
			sourceTree = "<group>";
		};
/* End PBXGroup section */

/* Begin PBXNativeTarget section */
		B456896428311CB1007FA9F5 /* PrototypeVK */ = {
			isa = PBXNativeTarget;
			buildConfigurationList = B456897928311CB6007FA9F5 /* Build configuration list for PBXNativeTarget "PrototypeVK" */;
			buildPhases = (
				AB77D599B6C7ADEC132F5258 /* [CP] Check Pods Manifest.lock */,
				B456896128311CB1007FA9F5 /* Sources */,
				B456896228311CB1007FA9F5 /* Frameworks */,
				B456896328311CB1007FA9F5 /* Resources */,
				067DCDD5953638589F5704FA /* [CP] Embed Pods Frameworks */,
			);
			buildRules = (
			);
			dependencies = (
			);
			name = PrototypeVK;
			packageProductDependencies = (
				B4478D50283A92B500A4CDFB /* iOSIntPackage */,
			);
			productName = PrototypeVK;
			productReference = B456896528311CB1007FA9F5 /* PrototypeVK.app */;
			productType = "com.apple.product-type.application";
		};
/* End PBXNativeTarget section */

/* Begin PBXProject section */
		B456895D28311CB1007FA9F5 /* Project object */ = {
			isa = PBXProject;
			attributes = {
				BuildIndependentTargetsInParallel = 1;
				LastSwiftUpdateCheck = 1330;
				LastUpgradeCheck = 1330;
				TargetAttributes = {
					B456896428311CB1007FA9F5 = {
						CreatedOnToolsVersion = 13.3.1;
					};
				};
			};
			buildConfigurationList = B456896028311CB1007FA9F5 /* Build configuration list for PBXProject "PrototypeVK" */;
			compatibilityVersion = "Xcode 13.0";
			developmentRegion = en;
			hasScannedForEncodings = 0;
			knownRegions = (
				en,
				Base,
				ru,
			);
			mainGroup = B456895C28311CB1007FA9F5;
			packageReferences = (
				B4478D4F283A92B500A4CDFB /* XCRemoteSwiftPackageReference "iOSIntPackage" */,
			);
			productRefGroup = B456896628311CB1007FA9F5 /* Products */;
			projectDirPath = "";
			projectRoot = "";
			targets = (
				B456896428311CB1007FA9F5 /* PrototypeVK */,
			);
		};
/* End PBXProject section */

/* Begin PBXResourcesBuildPhase section */
		B456896328311CB1007FA9F5 /* Resources */ = {
			isa = PBXResourcesBuildPhase;
			buildActionMask = 2147483647;
			files = (
				B456897528311CB6007FA9F5 /* LaunchScreen.storyboard in Resources */,
				B49C784D28526A2C00D9FFB1 /* Localizable.strings in Resources */,
				B456897D28312A2D007FA9F5 /* GoogleService-Info.plist in Resources */,
				B456897228311CB6007FA9F5 /* Assets.xcassets in Resources */,
				B456897028311CB1007FA9F5 /* Main.storyboard in Resources */,
				B49C784A2852658300D9FFB1 /* infoAuth.strings in Resources */,
			);
			runOnlyForDeploymentPostprocessing = 0;
		};
/* End PBXResourcesBuildPhase section */

/* Begin PBXShellScriptBuildPhase section */
		067DCDD5953638589F5704FA /* [CP] Embed Pods Frameworks */ = {
			isa = PBXShellScriptBuildPhase;
			buildActionMask = 2147483647;
			files = (
			);
			inputFileListPaths = (
				"${PODS_ROOT}/Target Support Files/Pods-PrototypeVK/Pods-PrototypeVK-frameworks-${CONFIGURATION}-input-files.xcfilelist",
			);
			name = "[CP] Embed Pods Frameworks";
			outputFileListPaths = (
				"${PODS_ROOT}/Target Support Files/Pods-PrototypeVK/Pods-PrototypeVK-frameworks-${CONFIGURATION}-output-files.xcfilelist",
			);
			runOnlyForDeploymentPostprocessing = 0;
			shellPath = /bin/sh;
			shellScript = "\"${PODS_ROOT}/Target Support Files/Pods-PrototypeVK/Pods-PrototypeVK-frameworks.sh\"\n";
			showEnvVarsInLog = 0;
		};
		AB77D599B6C7ADEC132F5258 /* [CP] Check Pods Manifest.lock */ = {
			isa = PBXShellScriptBuildPhase;
			buildActionMask = 2147483647;
			files = (
			);
			inputFileListPaths = (
			);
			inputPaths = (
				"${PODS_PODFILE_DIR_PATH}/Podfile.lock",
				"${PODS_ROOT}/Manifest.lock",
			);
			name = "[CP] Check Pods Manifest.lock";
			outputFileListPaths = (
			);
			outputPaths = (
				"$(DERIVED_FILE_DIR)/Pods-PrototypeVK-checkManifestLockResult.txt",
			);
			runOnlyForDeploymentPostprocessing = 0;
			shellPath = /bin/sh;
			shellScript = "diff \"${PODS_PODFILE_DIR_PATH}/Podfile.lock\" \"${PODS_ROOT}/Manifest.lock\" > /dev/null\nif [ $? != 0 ] ; then\n    # print error to STDERR\n    echo \"error: The sandbox is not in sync with the Podfile.lock. Run 'pod install' or update your CocoaPods installation.\" >&2\n    exit 1\nfi\n# This output is used by Xcode 'outputs' to avoid re-running this script phase.\necho \"SUCCESS\" > \"${SCRIPT_OUTPUT_FILE_0}\"\n";
			showEnvVarsInLog = 0;
		};
/* End PBXShellScriptBuildPhase section */

/* Begin PBXSourcesBuildPhase section */
		B456896128311CB1007FA9F5 /* Sources */ = {
			isa = PBXSourcesBuildPhase;
			buildActionMask = 2147483647;
			files = (
				B49C783F2845308A00D9FFB1 /* LocalAuthorizationService.swift in Sources */,
				B49C7844284680CF00D9FFB1 /* CustomColors.swift in Sources */,
				B4B10C3328424A1A0027C168 /* SignInViewController.swift in Sources */,
				B492CDE3283C08E000EF2DD2 /* PhoneNumberView.swift in Sources */,
				B4478D4C283A6A4100A4CDFB /* AuthViewController.swift in Sources */,
				B49C784228467BE700D9FFB1 /* BlackMode.swift in Sources */,
				B456896D28311CB1007FA9F5 /* ViewController.swift in Sources */,
				B4B10C3528424AB70027C168 /* LogInViewController.swift in Sources */,
				B4478D4E283A6E5500A4CDFB /* Images.swift in Sources */,
				B4B10C3A2842B3120027C168 /* PhoneNumberText.swift in Sources */,
				B4B10C3728424DD30027C168 /* CheckCodeViewController.swift in Sources */,
				B437D3F7285616770079C09A /* TypeAuthorization.swift in Sources */,
				B456896928311CB1007FA9F5 /* AppDelegate.swift in Sources */,
				B456896B28311CB1007FA9F5 /* SceneDelegate.swift in Sources */,
			);
			runOnlyForDeploymentPostprocessing = 0;
		};
/* End PBXSourcesBuildPhase section */

/* Begin PBXVariantGroup section */
		B456896E28311CB1007FA9F5 /* Main.storyboard */ = {
			isa = PBXVariantGroup;
			children = (
				B456896F28311CB1007FA9F5 /* Base */,
			);
			name = Main.storyboard;
			sourceTree = "<group>";
		};
		B456897328311CB6007FA9F5 /* LaunchScreen.storyboard */ = {
			isa = PBXVariantGroup;
			children = (
				B456897428311CB6007FA9F5 /* Base */,
			);
			name = LaunchScreen.storyboard;
			sourceTree = "<group>";
		};
		B49C78482852658200D9FFB1 /* infoAuth.strings */ = {
			isa = PBXVariantGroup;
			children = (
				B49C78492852658300D9FFB1 /* ru */,
			);
			name = infoAuth.strings;
			sourceTree = "<group>";
		};
		B49C784B28526A2B00D9FFB1 /* Localizable.strings */ = {
			isa = PBXVariantGroup;
			children = (
				B49C784C28526A2B00D9FFB1 /* ru */,
			);
			name = Localizable.strings;
			sourceTree = "<group>";
		};
/* End PBXVariantGroup section */

/* Begin XCBuildConfiguration section */
		B456897728311CB6007FA9F5 /* Debug */ = {
			isa = XCBuildConfiguration;
			buildSettings = {
				ALWAYS_SEARCH_USER_PATHS = NO;
				CLANG_ANALYZER_NONNULL = YES;
				CLANG_ANALYZER_NUMBER_OBJECT_CONVERSION = YES_AGGRESSIVE;
				CLANG_CXX_LANGUAGE_STANDARD = "gnu++17";
				CLANG_ENABLE_MODULES = YES;
				CLANG_ENABLE_OBJC_ARC = YES;
				CLANG_ENABLE_OBJC_WEAK = YES;
				CLANG_WARN_BLOCK_CAPTURE_AUTORELEASING = YES;
				CLANG_WARN_BOOL_CONVERSION = YES;
				CLANG_WARN_COMMA = YES;
				CLANG_WARN_CONSTANT_CONVERSION = YES;
				CLANG_WARN_DEPRECATED_OBJC_IMPLEMENTATIONS = YES;
				CLANG_WARN_DIRECT_OBJC_ISA_USAGE = YES_ERROR;
				CLANG_WARN_DOCUMENTATION_COMMENTS = YES;
				CLANG_WARN_EMPTY_BODY = YES;
				CLANG_WARN_ENUM_CONVERSION = YES;
				CLANG_WARN_INFINITE_RECURSION = YES;
				CLANG_WARN_INT_CONVERSION = YES;
				CLANG_WARN_NON_LITERAL_NULL_CONVERSION = YES;
				CLANG_WARN_OBJC_IMPLICIT_RETAIN_SELF = YES;
				CLANG_WARN_OBJC_LITERAL_CONVERSION = YES;
				CLANG_WARN_OBJC_ROOT_CLASS = YES_ERROR;
				CLANG_WARN_QUOTED_INCLUDE_IN_FRAMEWORK_HEADER = YES;
				CLANG_WARN_RANGE_LOOP_ANALYSIS = YES;
				CLANG_WARN_STRICT_PROTOTYPES = YES;
				CLANG_WARN_SUSPICIOUS_MOVE = YES;
				CLANG_WARN_UNGUARDED_AVAILABILITY = YES_AGGRESSIVE;
				CLANG_WARN_UNREACHABLE_CODE = YES;
				CLANG_WARN__DUPLICATE_METHOD_MATCH = YES;
				COPY_PHASE_STRIP = NO;
				DEBUG_INFORMATION_FORMAT = dwarf;
				ENABLE_STRICT_OBJC_MSGSEND = YES;
				ENABLE_TESTABILITY = YES;
				GCC_C_LANGUAGE_STANDARD = gnu11;
				GCC_DYNAMIC_NO_PIC = NO;
				GCC_NO_COMMON_BLOCKS = YES;
				GCC_OPTIMIZATION_LEVEL = 0;
				GCC_PREPROCESSOR_DEFINITIONS = (
					"DEBUG=1",
					"$(inherited)",
				);
				GCC_WARN_64_TO_32_BIT_CONVERSION = YES;
				GCC_WARN_ABOUT_RETURN_TYPE = YES_ERROR;
				GCC_WARN_UNDECLARED_SELECTOR = YES;
				GCC_WARN_UNINITIALIZED_AUTOS = YES_AGGRESSIVE;
				GCC_WARN_UNUSED_FUNCTION = YES;
				GCC_WARN_UNUSED_VARIABLE = YES;
				IPHONEOS_DEPLOYMENT_TARGET = 15.4;
				MTL_ENABLE_DEBUG_INFO = INCLUDE_SOURCE;
				MTL_FAST_MATH = YES;
				ONLY_ACTIVE_ARCH = YES;
				SDKROOT = iphoneos;
				SWIFT_ACTIVE_COMPILATION_CONDITIONS = DEBUG;
				SWIFT_OPTIMIZATION_LEVEL = "-Onone";
			};
			name = Debug;
		};
		B456897828311CB6007FA9F5 /* Release */ = {
			isa = XCBuildConfiguration;
			buildSettings = {
				ALWAYS_SEARCH_USER_PATHS = NO;
				CLANG_ANALYZER_NONNULL = YES;
				CLANG_ANALYZER_NUMBER_OBJECT_CONVERSION = YES_AGGRESSIVE;
				CLANG_CXX_LANGUAGE_STANDARD = "gnu++17";
				CLANG_ENABLE_MODULES = YES;
				CLANG_ENABLE_OBJC_ARC = YES;
				CLANG_ENABLE_OBJC_WEAK = YES;
				CLANG_WARN_BLOCK_CAPTURE_AUTORELEASING = YES;
				CLANG_WARN_BOOL_CONVERSION = YES;
				CLANG_WARN_COMMA = YES;
				CLANG_WARN_CONSTANT_CONVERSION = YES;
				CLANG_WARN_DEPRECATED_OBJC_IMPLEMENTATIONS = YES;
				CLANG_WARN_DIRECT_OBJC_ISA_USAGE = YES_ERROR;
				CLANG_WARN_DOCUMENTATION_COMMENTS = YES;
				CLANG_WARN_EMPTY_BODY = YES;
				CLANG_WARN_ENUM_CONVERSION = YES;
				CLANG_WARN_INFINITE_RECURSION = YES;
				CLANG_WARN_INT_CONVERSION = YES;
				CLANG_WARN_NON_LITERAL_NULL_CONVERSION = YES;
				CLANG_WARN_OBJC_IMPLICIT_RETAIN_SELF = YES;
				CLANG_WARN_OBJC_LITERAL_CONVERSION = YES;
				CLANG_WARN_OBJC_ROOT_CLASS = YES_ERROR;
				CLANG_WARN_QUOTED_INCLUDE_IN_FRAMEWORK_HEADER = YES;
				CLANG_WARN_RANGE_LOOP_ANALYSIS = YES;
				CLANG_WARN_STRICT_PROTOTYPES = YES;
				CLANG_WARN_SUSPICIOUS_MOVE = YES;
				CLANG_WARN_UNGUARDED_AVAILABILITY = YES_AGGRESSIVE;
				CLANG_WARN_UNREACHABLE_CODE = YES;
				CLANG_WARN__DUPLICATE_METHOD_MATCH = YES;
				COPY_PHASE_STRIP = NO;
				DEBUG_INFORMATION_FORMAT = "dwarf-with-dsym";
				ENABLE_NS_ASSERTIONS = NO;
				ENABLE_STRICT_OBJC_MSGSEND = YES;
				GCC_C_LANGUAGE_STANDARD = gnu11;
				GCC_NO_COMMON_BLOCKS = YES;
				GCC_WARN_64_TO_32_BIT_CONVERSION = YES;
				GCC_WARN_ABOUT_RETURN_TYPE = YES_ERROR;
				GCC_WARN_UNDECLARED_SELECTOR = YES;
				GCC_WARN_UNINITIALIZED_AUTOS = YES_AGGRESSIVE;
				GCC_WARN_UNUSED_FUNCTION = YES;
				GCC_WARN_UNUSED_VARIABLE = YES;
				IPHONEOS_DEPLOYMENT_TARGET = 15.4;
				MTL_ENABLE_DEBUG_INFO = NO;
				MTL_FAST_MATH = YES;
				SDKROOT = iphoneos;
				SWIFT_COMPILATION_MODE = wholemodule;
				SWIFT_OPTIMIZATION_LEVEL = "-O";
				VALIDATE_PRODUCT = YES;
			};
			name = Release;
		};
		B456897A28311CB6007FA9F5 /* Debug */ = {
			isa = XCBuildConfiguration;
			baseConfigurationReference = 3A503CF6E72C8060F8D17CC8 /* Pods-PrototypeVK.debug.xcconfig */;
			buildSettings = {
				ASSETCATALOG_COMPILER_APPICON_NAME = AppIcon;
				ASSETCATALOG_COMPILER_GLOBAL_ACCENT_COLOR_NAME = AccentColor;
				CODE_SIGN_STYLE = Automatic;
				CURRENT_PROJECT_VERSION = 1;
				DEVELOPMENT_TEAM = C56AM78GK2;
				GENERATE_INFOPLIST_FILE = YES;
				INFOPLIST_FILE = PrototypeVK/Info.plist;
				INFOPLIST_KEY_UIApplicationSupportsIndirectInputEvents = YES;
				INFOPLIST_KEY_UILaunchStoryboardName = LaunchScreen;
				INFOPLIST_KEY_UIMainStoryboardFile = Main;
				INFOPLIST_KEY_UISupportedInterfaceOrientations = "UIInterfaceOrientationPortrait UIInterfaceOrientationLandscapeRight UIInterfaceOrientationLandscapeLeft";
				INFOPLIST_KEY_UISupportedInterfaceOrientations_iPad = "UIInterfaceOrientationPortrait UIInterfaceOrientationPortraitUpsideDown UIInterfaceOrientationLandscapeLeft UIInterfaceOrientationLandscapeRight";
				INFOPLIST_KEY_UISupportedInterfaceOrientations_iPhone = "UIInterfaceOrientationPortrait UIInterfaceOrientationLandscapeLeft UIInterfaceOrientationLandscapeRight";
				LD_RUNPATH_SEARCH_PATHS = (
					"$(inherited)",
					"@executable_path/Frameworks",
				);
				MARKETING_VERSION = 1.0;
				PRODUCT_BUNDLE_IDENTIFIER = "com.Alexey-Kharin.PrototypeVK";
				PRODUCT_NAME = "$(TARGET_NAME)";
				SWIFT_EMIT_LOC_STRINGS = YES;
				SWIFT_VERSION = 5.0;
				TARGETED_DEVICE_FAMILY = "1,2";
			};
			name = Debug;
		};
		B456897B28311CB6007FA9F5 /* Release */ = {
			isa = XCBuildConfiguration;
			baseConfigurationReference = E968E501173D69F3928EDB30 /* Pods-PrototypeVK.release.xcconfig */;
			buildSettings = {
				ASSETCATALOG_COMPILER_APPICON_NAME = AppIcon;
				ASSETCATALOG_COMPILER_GLOBAL_ACCENT_COLOR_NAME = AccentColor;
				CODE_SIGN_STYLE = Automatic;
				CURRENT_PROJECT_VERSION = 1;
				DEVELOPMENT_TEAM = C56AM78GK2;
				GENERATE_INFOPLIST_FILE = YES;
				INFOPLIST_FILE = PrototypeVK/Info.plist;
				INFOPLIST_KEY_UIApplicationSupportsIndirectInputEvents = YES;
				INFOPLIST_KEY_UILaunchStoryboardName = LaunchScreen;
				INFOPLIST_KEY_UIMainStoryboardFile = Main;
				INFOPLIST_KEY_UISupportedInterfaceOrientations = "UIInterfaceOrientationPortrait UIInterfaceOrientationLandscapeRight UIInterfaceOrientationLandscapeLeft";
				INFOPLIST_KEY_UISupportedInterfaceOrientations_iPad = "UIInterfaceOrientationPortrait UIInterfaceOrientationPortraitUpsideDown UIInterfaceOrientationLandscapeLeft UIInterfaceOrientationLandscapeRight";
				INFOPLIST_KEY_UISupportedInterfaceOrientations_iPhone = "UIInterfaceOrientationPortrait UIInterfaceOrientationLandscapeLeft UIInterfaceOrientationLandscapeRight";
				LD_RUNPATH_SEARCH_PATHS = (
					"$(inherited)",
					"@executable_path/Frameworks",
				);
				MARKETING_VERSION = 1.0;
				PRODUCT_BUNDLE_IDENTIFIER = "com.Alexey-Kharin.PrototypeVK";
				PRODUCT_NAME = "$(TARGET_NAME)";
				SWIFT_EMIT_LOC_STRINGS = YES;
				SWIFT_VERSION = 5.0;
				TARGETED_DEVICE_FAMILY = "1,2";
			};
			name = Release;
		};
/* End XCBuildConfiguration section */

/* Begin XCConfigurationList section */
		B456896028311CB1007FA9F5 /* Build configuration list for PBXProject "PrototypeVK" */ = {
			isa = XCConfigurationList;
			buildConfigurations = (
				B456897728311CB6007FA9F5 /* Debug */,
				B456897828311CB6007FA9F5 /* Release */,
			);
			defaultConfigurationIsVisible = 0;
			defaultConfigurationName = Release;
		};
		B456897928311CB6007FA9F5 /* Build configuration list for PBXNativeTarget "PrototypeVK" */ = {
			isa = XCConfigurationList;
			buildConfigurations = (
				B456897A28311CB6007FA9F5 /* Debug */,
				B456897B28311CB6007FA9F5 /* Release */,
			);
			defaultConfigurationIsVisible = 0;
			defaultConfigurationName = Release;
		};
/* End XCConfigurationList section */

/* Begin XCRemoteSwiftPackageReference section */
		B4478D4F283A92B500A4CDFB /* XCRemoteSwiftPackageReference "iOSIntPackage" */ = {
			isa = XCRemoteSwiftPackageReference;
			repositoryURL = "https://github.com/TrueMax/iOSIntPackage";
			requirement = {
				branch = imagepublisher;
				kind = branch;
			};
		};
/* End XCRemoteSwiftPackageReference section */

/* Begin XCSwiftPackageProductDependency section */
		B4478D50283A92B500A4CDFB /* iOSIntPackage */ = {
			isa = XCSwiftPackageProductDependency;
			package = B4478D4F283A92B500A4CDFB /* XCRemoteSwiftPackageReference "iOSIntPackage" */;
			productName = iOSIntPackage;
		};
/* End XCSwiftPackageProductDependency section */
	};
	rootObject = B456895D28311CB1007FA9F5 /* Project object */;
}
